
Microsoft Visual Studio Solution File, Format Version 12.00
# Visual Studio 15
VisualStudioVersion = 15.0.27703.2042
MinimumVisualStudioVersion = 10.0.40219.1
Project("{FAE04EC0-301F-11D3-BF4B-00C04F79EFBC}") = "Exam3", "Exam3\Exam3.csproj", "{41EF2841-0EED-4D90-ADAF-408F9CA649C4}"
EndProject
Global
	GlobalSection(SolutionConfigurationPlatforms) = preSolution
		Debug|Any CPU = Debug|Any CPU
		Release|Any CPU = Release|Any CPU
	EndGlobalSection
	GlobalSection(ProjectConfigurationPlatforms) = postSolution
		{41EF2841-0EED-4D90-ADAF-408F9CA649C4}.Debug|Any CPU.ActiveCfg = Debug|Any CPU
		{41EF2841-0EED-4D90-ADAF-408F9CA649C4}.Debug|Any CPU.Build.0 = Debug|Any CPU
		{41EF2841-0EED-4D90-ADAF-408F9CA649C4}.Release|Any CPU.ActiveCfg = Release|Any CPU
		{41EF2841-0EED-4D90-ADAF-408F9CA649C4}.Release|Any CPU.Build.0 = Release|Any CPU
	EndGlobalSection
	GlobalSection(SolutionProperties) = preSolution
		HideSolutionNode = FALSE
	EndGlobalSection
	GlobalSection(ExtensibilityGlobals) = postSolution
		SolutionGuid = {650F495E-3DC3-4235-9E08-1FE464DAA198}
	EndGlobalSection
EndGlobal
